// !$*UTF8*$!
{
	archiveVersion = 1;
	classes = {
	};
	objectVersion = 77;
	objects = {

/* Begin PBXBuildFile section */
		01F0B902FB6D029D67264D48 /* DeveloperModeView.swift in Sources */ = {isa = PBXBuildFile; fileRef = 46838FB7998E4CAC71C736F7 /* DeveloperModeView.swift */; };
		02748FC6637A459980811809 /* OnboardingStepView.swift in Sources */ = {isa = PBXBuildFile; fileRef = 553280A34E5E26BE6065CB9F /* OnboardingStepView.swift */; };
		0588BC6D02A7C54F9268F755 /* PDFService.swift in Sources */ = {isa = PBXBuildFile; fileRef = BD2C3A29D048FF2DD55E1593 /* PDFService.swift */; };
		0F8A1AFED19705882EAA9C3D /* RootView.swift in Sources */ = {isa = PBXBuildFile; fileRef = 441D4B719935A890199742E9 /* RootView.swift */; };
		19AA7BDF6C8205F32CC99065 /* ChatViewModel.swift in Sources */ = {isa = PBXBuildFile; fileRef = E8FA7D99752DF818468209AF /* ChatViewModel.swift */; };
		337132F6900782CD18FBD0E9 /* Assets.xcassets in Resources */ = {isa = PBXBuildFile; fileRef = 14FA7110BBFBC6448A26C840 /* Assets.xcassets */; };
		3C4C53337872A841C38107B8 /* SubscriptionManager.swift in Sources */ = {isa = PBXBuildFile; fileRef = CF54D8AFFE1A01AC1558973A /* SubscriptionManager.swift */; };
		4A344B8E2EC520C71C2D70D1 /* SpeechService.swift in Sources */ = {isa = PBXBuildFile; fileRef = 1AA48C8AF90AC73A83391B04 /* SpeechService.swift */; };
		745E5ECD423A2463EC35E678 /* LumioUITests.swift in Sources */ = {isa = PBXBuildFile; fileRef = 7CE6098D84F60AAA5C8CAAD3 /* LumioUITests.swift */; };
		7896BB8BFE165062C8141DE2 /* PaywallView.swift in Sources */ = {isa = PBXBuildFile; fileRef = 6A1F09B386C51B86A03E8AD6 /* PaywallView.swift */; };
		81FB4BB83169AF6006D8837D /* AIService.swift in Sources */ = {isa = PBXBuildFile; fileRef = 3EB7BEF0A1A348E30B0C0E8F /* AIService.swift */; };
		9526AD58F745FCA65D3A15C2 /* AppState.swift in Sources */ = {isa = PBXBuildFile; fileRef = 7B8BD392039AC572C861EFDE /* AppState.swift */; };
		96893A54167533CF228F34A1 /* ChatView.swift in Sources */ = {isa = PBXBuildFile; fileRef = CBA787B7689086AF4BFC7109 /* ChatView.swift */; };
		A8BF8F3D6AEE8D665CF761CE /* TodayView.swift in Sources */ = {isa = PBXBuildFile; fileRef = 4C80803545FB80EE408D7EDD /* TodayView.swift */; };
		AA849029D816F7A602DA2CC5 /* SettingsView.swift in Sources */ = {isa = PBXBuildFile; fileRef = EBDF8BF93A22E8CA24854B66 /* SettingsView.swift */; };
		AB667F5E5453F047F5DE2589 /* CalendarService.swift in Sources */ = {isa = PBXBuildFile; fileRef = 22880EC8D849EB2BB1C4CF97 /* CalendarService.swift */; };
		AC420AAA13E50A6BC7CCBD1C /* OnboardingViewModel.swift in Sources */ = {isa = PBXBuildFile; fileRef = 91AFD9F0EC3B89E66BCECB09 /* OnboardingViewModel.swift */; };
		C899971CA7E64CBFBF689815 /* Localizable.strings in Resources */ = {isa = PBXBuildFile; fileRef = 3E52FDCA722E9EC392E4FE94 /* Localizable.strings */; };
		D073C9F212E527063EC6CEF6 /* ThemeManager.swift in Sources */ = {isa = PBXBuildFile; fileRef = 34D698E53BE485BF711A70FC /* ThemeManager.swift */; };
		D4439ACB75E9A7C91247785F /* LumioApp.swift in Sources */ = {isa = PBXBuildFile; fileRef = D1262592F932571451E303AB /* LumioApp.swift */; };
		D7C4F48393B73DCD0D3349FF /* MainTabView.swift in Sources */ = {isa = PBXBuildFile; fileRef = 05C5765A26A414F4A9338019 /* MainTabView.swift */; };
		E12B7266A0D754032F026DDD /* LibraryView.swift in Sources */ = {isa = PBXBuildFile; fileRef = D7B8333D45697E66F3D1F415 /* LibraryView.swift */; };
		E4F1886B11951808865FC9F3 /* SwiftDataModels.swift in Sources */ = {isa = PBXBuildFile; fileRef = 0843B976E75FD3634CDA0813 /* SwiftDataModels.swift */; };
		F067AB1DFFFADDC50881D449 /* TodayViewModel.swift in Sources */ = {isa = PBXBuildFile; fileRef = 613B3708C238B582338CCDC7 /* TodayViewModel.swift */; };
		F0742BBF8550C5AA76D9DB56 /* NotificationService.swift in Sources */ = {isa = PBXBuildFile; fileRef = DF77936F92758F5D3B8D83E0 /* NotificationService.swift */; };
		F42AA6E55E13C1A390DBB316 /* OnboardingContainerView.swift in Sources */ = {isa = PBXBuildFile; fileRef = B96EA9B375A0C43D916A8270 /* OnboardingContainerView.swift */; };
		FC5943A1F06C3B86E8F82368 /* LumioTests.swift in Sources */ = {isa = PBXBuildFile; fileRef = B05349DD390F5584FEFF1ADE /* LumioTests.swift */; };
/* End PBXBuildFile section */

/* Begin PBXContainerItemProxy section */
		7280D6FA9475278FCB715C52 /* PBXContainerItemProxy */ = {
			isa = PBXContainerItemProxy;
			containerPortal = 88CA312C3F119011E028C087 /* Project object */;
			proxyType = 1;
			remoteGlobalIDString = 8ED5C6987C83F9077B7E2D5C;
			remoteInfo = Lumio;
		};
		78B18922AB82BC0B8C8C78ED /* PBXContainerItemProxy */ = {
			isa = PBXContainerItemProxy;
			containerPortal = 88CA312C3F119011E028C087 /* Project object */;
			proxyType = 1;
			remoteGlobalIDString = 8ED5C6987C83F9077B7E2D5C;
			remoteInfo = Lumio;
		};
/* End PBXContainerItemProxy section */

/* Begin PBXFileReference section */
		05C5765A26A414F4A9338019 /* MainTabView.swift */ = {isa = PBXFileReference; lastKnownFileType = sourcecode.swift; path = MainTabView.swift; sourceTree = "<group>"; };
		0843B976E75FD3634CDA0813 /* SwiftDataModels.swift */ = {isa = PBXFileReference; lastKnownFileType = sourcecode.swift; path = SwiftDataModels.swift; sourceTree = "<group>"; };
		148D4EF05C0373A66FD8B07C /* Lumio.app */ = {isa = PBXFileReference; includeInIndex = 0; lastKnownFileType = wrapper.application; path = Lumio.app; sourceTree = BUILT_PRODUCTS_DIR; };
		14FA7110BBFBC6448A26C840 /* Assets.xcassets */ = {isa = PBXFileReference; lastKnownFileType = folder.assetcatalog; path = Assets.xcassets; sourceTree = "<group>"; };
		1AA48C8AF90AC73A83391B04 /* SpeechService.swift */ = {isa = PBXFileReference; lastKnownFileType = sourcecode.swift; path = SpeechService.swift; sourceTree = "<group>"; };
		22880EC8D849EB2BB1C4CF97 /* CalendarService.swift */ = {isa = PBXFileReference; lastKnownFileType = sourcecode.swift; path = CalendarService.swift; sourceTree = "<group>"; };
		34D698E53BE485BF711A70FC /* ThemeManager.swift */ = {isa = PBXFileReference; lastKnownFileType = sourcecode.swift; path = ThemeManager.swift; sourceTree = "<group>"; };
		3EB7BEF0A1A348E30B0C0E8F /* AIService.swift */ = {isa = PBXFileReference; lastKnownFileType = sourcecode.swift; path = AIService.swift; sourceTree = "<group>"; };
		4062E261C739FCC2CE301214 /* LumioUITests.xctest */ = {isa = PBXFileReference; includeInIndex = 0; lastKnownFileType = wrapper.cfbundle; path = LumioUITests.xctest; sourceTree = BUILT_PRODUCTS_DIR; };
		441D4B719935A890199742E9 /* RootView.swift */ = {isa = PBXFileReference; lastKnownFileType = sourcecode.swift; path = RootView.swift; sourceTree = "<group>"; };
		46838FB7998E4CAC71C736F7 /* DeveloperModeView.swift */ = {isa = PBXFileReference; lastKnownFileType = sourcecode.swift; path = DeveloperModeView.swift; sourceTree = "<group>"; };
		4C80803545FB80EE408D7EDD /* TodayView.swift */ = {isa = PBXFileReference; lastKnownFileType = sourcecode.swift; path = TodayView.swift; sourceTree = "<group>"; };
		553280A34E5E26BE6065CB9F /* OnboardingStepView.swift */ = {isa = PBXFileReference; lastKnownFileType = sourcecode.swift; path = OnboardingStepView.swift; sourceTree = "<group>"; };
		613B3708C238B582338CCDC7 /* TodayViewModel.swift */ = {isa = PBXFileReference; lastKnownFileType = sourcecode.swift; path = TodayViewModel.swift; sourceTree = "<group>"; };
		6A1F09B386C51B86A03E8AD6 /* PaywallView.swift */ = {isa = PBXFileReference; lastKnownFileType = sourcecode.swift; path = PaywallView.swift; sourceTree = "<group>"; };
		6C31990B400E83E284AD25C4 /* de */ = {isa = PBXFileReference; lastKnownFileType = text.plist.strings; name = de; path = de.lproj/Localizable.strings; sourceTree = "<group>"; };
		7B8BD392039AC572C861EFDE /* AppState.swift */ = {isa = PBXFileReference; lastKnownFileType = sourcecode.swift; path = AppState.swift; sourceTree = "<group>"; };
		7CE6098D84F60AAA5C8CAAD3 /* LumioUITests.swift */ = {isa = PBXFileReference; lastKnownFileType = sourcecode.swift; path = LumioUITests.swift; sourceTree = "<group>"; };
		8BCF9DF465E3AEB48FF25328 /* LumioTests.xctest */ = {isa = PBXFileReference; includeInIndex = 0; lastKnownFileType = wrapper.cfbundle; path = LumioTests.xctest; sourceTree = BUILT_PRODUCTS_DIR; };
		91AFD9F0EC3B89E66BCECB09 /* OnboardingViewModel.swift */ = {isa = PBXFileReference; lastKnownFileType = sourcecode.swift; path = OnboardingViewModel.swift; sourceTree = "<group>"; };
		A4DC63E04C85C0FD3AAF9BDA /* Info.plist */ = {isa = PBXFileReference; lastKnownFileType = text.plist; path = Info.plist; sourceTree = "<group>"; };
		ABCC65D5E4201CB6960463B8 /* Lumio.entitlements */ = {isa = PBXFileReference; lastKnownFileType = text.plist.entitlements; path = Lumio.entitlements; sourceTree = "<group>"; };
		B05349DD390F5584FEFF1ADE /* LumioTests.swift */ = {isa = PBXFileReference; lastKnownFileType = sourcecode.swift; path = LumioTests.swift; sourceTree = "<group>"; };
		B96EA9B375A0C43D916A8270 /* OnboardingContainerView.swift */ = {isa = PBXFileReference; lastKnownFileType = sourcecode.swift; path = OnboardingContainerView.swift; sourceTree = "<group>"; };
		BD2C3A29D048FF2DD55E1593 /* PDFService.swift */ = {isa = PBXFileReference; lastKnownFileType = sourcecode.swift; path = PDFService.swift; sourceTree = "<group>"; };
		CBA787B7689086AF4BFC7109 /* ChatView.swift */ = {isa = PBXFileReference; lastKnownFileType = sourcecode.swift; path = ChatView.swift; sourceTree = "<group>"; };
		CF54D8AFFE1A01AC1558973A /* SubscriptionManager.swift */ = {isa = PBXFileReference; lastKnownFileType = sourcecode.swift; path = SubscriptionManager.swift; sourceTree = "<group>"; };
		D1262592F932571451E303AB /* LumioApp.swift */ = {isa = PBXFileReference; lastKnownFileType = sourcecode.swift; path = LumioApp.swift; sourceTree = "<group>"; };
		D7B8333D45697E66F3D1F415 /* LibraryView.swift */ = {isa = PBXFileReference; lastKnownFileType = sourcecode.swift; path = LibraryView.swift; sourceTree = "<group>"; };
		DF77936F92758F5D3B8D83E0 /* NotificationService.swift */ = {isa = PBXFileReference; lastKnownFileType = sourcecode.swift; path = NotificationService.swift; sourceTree = "<group>"; };
		E8FA7D99752DF818468209AF /* ChatViewModel.swift */ = {isa = PBXFileReference; lastKnownFileType = sourcecode.swift; path = ChatViewModel.swift; sourceTree = "<group>"; };
		EBDF8BF93A22E8CA24854B66 /* SettingsView.swift */ = {isa = PBXFileReference; lastKnownFileType = sourcecode.swift; path = SettingsView.swift; sourceTree = "<group>"; };
		F54991DCB350A318338C10BB /* en */ = {isa = PBXFileReference; lastKnownFileType = text.plist.strings; name = en; path = en.lproj/Localizable.strings; sourceTree = "<group>"; };
/* End PBXFileReference section */

/* Begin PBXGroup section */
		293090169DB163295B39CF0D /* Library */ = {
			isa = PBXGroup;
			children = (
				D7B8333D45697E66F3D1F415 /* LibraryView.swift */,
			);
			path = Library;
			sourceTree = "<group>";
		};
		3CEF0318CAC84733C2BC0741 /* Features */ = {
			isa = PBXGroup;
			children = (
				FE2AE66F82004A99C19AB9AB /* Chat */,
				293090169DB163295B39CF0D /* Library */,
				6374E8AB9CE6F9509909FD97 /* Onboarding */,
				D4E85FE607D570A75CB1CC5F /* Settings */,
				A5D1611788D5BB36A95CD9D7 /* Today */,
			);
			path = Features;
			sourceTree = "<group>";
		};
		44BEDA547BFEEFF01C9BE7EE /* Lumio */ = {
			isa = PBXGroup;
			children = (
				52A50B8E22F078F168B3D4E4 /* App */,
				CA987E83C40516EDF37BA339 /* Core */,
				3CEF0318CAC84733C2BC0741 /* Features */,
				703FB9DBB797D5DC39D9D299 /* Resources */,
				C6D3A628BB7B2F401F1532D9 /* Supporting Files */,
				5134D59732F2C23F08D54DD1 /* UI */,
			);
			path = Lumio;
			sourceTree = "<group>";
		};
		5134D59732F2C23F08D54DD1 /* UI */ = {
			isa = PBXGroup;
			children = (
				F5EFA9DB238B05E5D7050976 /* Components */,
				BE1C4AC73A6B46365C379C85 /* Styles */,
				727040A45E1BBF63DD6BB4CD /* Theme */,
			);
			path = UI;
			sourceTree = "<group>";
		};
		52A50B8E22F078F168B3D4E4 /* App */ = {
			isa = PBXGroup;
			children = (
				D1262592F932571451E303AB /* LumioApp.swift */,
				05C5765A26A414F4A9338019 /* MainTabView.swift */,
				441D4B719935A890199742E9 /* RootView.swift */,
			);
			path = App;
			sourceTree = "<group>";
		};
		62D86F86E4D857C0B8E6E927 /* Products */ = {
			isa = PBXGroup;
			children = (
				148D4EF05C0373A66FD8B07C /* Lumio.app */,
				8BCF9DF465E3AEB48FF25328 /* LumioTests.xctest */,
				4062E261C739FCC2CE301214 /* LumioUITests.xctest */,
			);
			name = Products;
			sourceTree = "<group>";
		};
		6374E8AB9CE6F9509909FD97 /* Onboarding */ = {
			isa = PBXGroup;
			children = (
				B96EA9B375A0C43D916A8270 /* OnboardingContainerView.swift */,
				553280A34E5E26BE6065CB9F /* OnboardingStepView.swift */,
				91AFD9F0EC3B89E66BCECB09 /* OnboardingViewModel.swift */,
			);
			path = Onboarding;
			sourceTree = "<group>";
		};
		638191B500A3F1D7C9078465 /* Services */ = {
			isa = PBXGroup;
			children = (
				3EB7BEF0A1A348E30B0C0E8F /* AIService.swift */,
				22880EC8D849EB2BB1C4CF97 /* CalendarService.swift */,
				DF77936F92758F5D3B8D83E0 /* NotificationService.swift */,
				BD2C3A29D048FF2DD55E1593 /* PDFService.swift */,
				1AA48C8AF90AC73A83391B04 /* SpeechService.swift */,
				CF54D8AFFE1A01AC1558973A /* SubscriptionManager.swift */,
			);
			path = Services;
			sourceTree = "<group>";
		};
		703FB9DBB797D5DC39D9D299 /* Resources */ = {
			isa = PBXGroup;
			children = (
				3E52FDCA722E9EC392E4FE94 /* Localizable.strings */,
				14FA7110BBFBC6448A26C840 /* Assets.xcassets */,
			);
			path = Resources;
			sourceTree = "<group>";
		};
		727040A45E1BBF63DD6BB4CD /* Theme */ = {
			isa = PBXGroup;
			children = (
				34D698E53BE485BF711A70FC /* ThemeManager.swift */,
			);
			path = Theme;
			sourceTree = "<group>";
		};
		7F8F773FD6A099F594435DAC = {
			isa = PBXGroup;
			children = (
				44BEDA547BFEEFF01C9BE7EE /* Lumio */,
				A15D80A91964EF20F9AED4F2 /* LumioTests */,
				93BEA1C688BE2F8EA3EE2F57 /* LumioUITests */,
				62D86F86E4D857C0B8E6E927 /* Products */,
			);
			sourceTree = "<group>";
		};
		93BEA1C688BE2F8EA3EE2F57 /* LumioUITests */ = {
			isa = PBXGroup;
			children = (
				7CE6098D84F60AAA5C8CAAD3 /* LumioUITests.swift */,
			);
			path = LumioUITests;
			sourceTree = "<group>";
		};
		A15D80A91964EF20F9AED4F2 /* LumioTests */ = {
			isa = PBXGroup;
			children = (
				B05349DD390F5584FEFF1ADE /* LumioTests.swift */,
			);
			path = LumioTests;
			sourceTree = "<group>";
		};
		A5D1611788D5BB36A95CD9D7 /* Today */ = {
			isa = PBXGroup;
			children = (
				4C80803545FB80EE408D7EDD /* TodayView.swift */,
				613B3708C238B582338CCDC7 /* TodayViewModel.swift */,
			);
			path = Today;
			sourceTree = "<group>";
		};
		B4D2A2C33241633C8E5088BC /* Extensions */ = {
			isa = PBXGroup;
			children = (
			);
			path = Extensions;
			sourceTree = "<group>";
		};
		BE1C4AC73A6B46365C379C85 /* Styles */ = {
			isa = PBXGroup;
			children = (
			);
			path = Styles;
			sourceTree = "<group>";
		};
		C6D3A628BB7B2F401F1532D9 /* Supporting Files */ = {
			isa = PBXGroup;
			children = (
				A4DC63E04C85C0FD3AAF9BDA /* Info.plist */,
				ABCC65D5E4201CB6960463B8 /* Lumio.entitlements */,
			);
			path = "Supporting Files";
			sourceTree = "<group>";
		};
		CA987E83C40516EDF37BA339 /* Core */ = {
			isa = PBXGroup;
			children = (
				B4D2A2C33241633C8E5088BC /* Extensions */,
				F6DEC59FB2F1E871640AF205 /* Models */,
				638191B500A3F1D7C9078465 /* Services */,
				FBC44AE75ADC6DB54487DDAE /* Utilities */,
			);
			path = Core;
			sourceTree = "<group>";
		};
		D4E85FE607D570A75CB1CC5F /* Settings */ = {
			isa = PBXGroup;
			children = (
				46838FB7998E4CAC71C736F7 /* DeveloperModeView.swift */,
				6A1F09B386C51B86A03E8AD6 /* PaywallView.swift */,
				EBDF8BF93A22E8CA24854B66 /* SettingsView.swift */,
			);
			path = Settings;
			sourceTree = "<group>";
		};
		F5EFA9DB238B05E5D7050976 /* Components */ = {
			isa = PBXGroup;
			children = (
			);
			path = Components;
			sourceTree = "<group>";
		};
		F6DEC59FB2F1E871640AF205 /* Models */ = {
			isa = PBXGroup;
			children = (
				7B8BD392039AC572C861EFDE /* AppState.swift */,
				0843B976E75FD3634CDA0813 /* SwiftDataModels.swift */,
			);
			path = Models;
			sourceTree = "<group>";
		};
		FBC44AE75ADC6DB54487DDAE /* Utilities */ = {
			isa = PBXGroup;
			children = (
			);
			path = Utilities;
			sourceTree = "<group>";
		};
		FE2AE66F82004A99C19AB9AB /* Chat */ = {
			isa = PBXGroup;
			children = (
				CBA787B7689086AF4BFC7109 /* ChatView.swift */,
				E8FA7D99752DF818468209AF /* ChatViewModel.swift */,
			);
			path = Chat;
			sourceTree = "<group>";
		};
/* End PBXGroup section */

/* Begin PBXNativeTarget section */
		1B5E4CCA927D683167D09729 /* LumioTests */ = {
			isa = PBXNativeTarget;
			buildConfigurationList = 880B21ECF9C82116F866FB07 /* Build configuration list for PBXNativeTarget "LumioTests" */;
			buildPhases = (
				133ED1203D051D47F5C3EB88 /* Sources */,
			);
			buildRules = (
			);
			dependencies = (
				5E5E3939AF6C42CD1CEDE0AA /* PBXTargetDependency */,
			);
			name = LumioTests;
			packageProductDependencies = (
			);
			productName = LumioTests;
			productReference = 8BCF9DF465E3AEB48FF25328 /* LumioTests.xctest */;
			productType = "com.apple.product-type.bundle.unit-test";
		};
		28E39E55BF402496B15DB833 /* LumioUITests */ = {
			isa = PBXNativeTarget;
			buildConfigurationList = 7030E22A2E338CA980D39F7B /* Build configuration list for PBXNativeTarget "LumioUITests" */;
			buildPhases = (
				F0A7CFE43C12A524633399ED /* Sources */,
			);
			buildRules = (
			);
			dependencies = (
				A54026C86AE271D54FC98C03 /* PBXTargetDependency */,
			);
			name = LumioUITests;
			packageProductDependencies = (
			);
			productName = LumioUITests;
			productReference = 4062E261C739FCC2CE301214 /* LumioUITests.xctest */;
			productType = "com.apple.product-type.bundle.ui-testing";
		};
		8ED5C6987C83F9077B7E2D5C /* Lumio */ = {
			isa = PBXNativeTarget;
			buildConfigurationList = 94142BBBE914D24C154410D9 /* Build configuration list for PBXNativeTarget "Lumio" */;
			buildPhases = (
				788C7AD43E85AA00E44024FA /* Sources */,
				EB52CA6C6AC4222E71F81801 /* Resources */,
			);
			buildRules = (
			);
			dependencies = (
			);
			name = Lumio;
			packageProductDependencies = (
			);
			productName = Lumio;
			productReference = 148D4EF05C0373A66FD8B07C /* Lumio.app */;
			productType = "com.apple.product-type.application";
		};
/* End PBXNativeTarget section */

/* Begin PBXProject section */
		88CA312C3F119011E028C087 /* Project object */ = {
			isa = PBXProject;
			attributes = {
				BuildIndependentTargetsInParallel = YES;
				LastUpgradeCheck = 2650;
				TargetAttributes = {
					1B5E4CCA927D683167D09729 = {
						DevelopmentTeam = "";
					};
					28E39E55BF402496B15DB833 = {
						DevelopmentTeam = "";
						TestTargetID = 8ED5C6987C83F9077B7E2D5C;
					};
					8ED5C6987C83F9077B7E2D5C = {
						DevelopmentTeam = "";
					};
				};
			};
			buildConfigurationList = AA0FD467BD6B68CC4AA2BB5E /* Build configuration list for PBXProject "Lumio" */;
			developmentRegion = en;
			hasScannedForEncodings = 0;
			knownRegions = (
				Base,
				de,
				en,
			);
			mainGroup = 7F8F773FD6A099F594435DAC;
			minimizedProjectReferenceProxies = 1;
			preferredProjectObjectVersion = 77;
			productRefGroup = 62D86F86E4D857C0B8E6E927 /* Products */;
			projectDirPath = "";
			projectRoot = "";
			targets = (
				8ED5C6987C83F9077B7E2D5C /* Lumio */,
				1B5E4CCA927D683167D09729 /* LumioTests */,
				28E39E55BF402496B15DB833 /* LumioUITests */,
			);
		};
/* End PBXProject section */

/* Begin PBXResourcesBuildPhase section */
		EB52CA6C6AC4222E71F81801 /* Resources */ = {
			isa = PBXResourcesBuildPhase;
			buildActionMask = 2147483647;
			files = (
				337132F6900782CD18FBD0E9 /* Assets.xcassets in Resources */,
				C899971CA7E64CBFBF689815 /* Localizable.strings in Resources */,
			);
			runOnlyForDeploymentPostprocessing = 0;
		};
/* End PBXResourcesBuildPhase section */

/* Begin PBXSourcesBuildPhase section */
		133ED1203D051D47F5C3EB88 /* Sources */ = {
			isa = PBXSourcesBuildPhase;
			buildActionMask = 2147483647;
			files = (
				FC5943A1F06C3B86E8F82368 /* LumioTests.swift in Sources */,
			);
			runOnlyForDeploymentPostprocessing = 0;
		};
		788C7AD43E85AA00E44024FA /* Sources */ = {
			isa = PBXSourcesBuildPhase;
			buildActionMask = 2147483647;
			files = (
				81FB4BB83169AF6006D8837D /* AIService.swift in Sources */,
				9526AD58F745FCA65D3A15C2 /* AppState.swift in Sources */,
				AB667F5E5453F047F5DE2589 /* CalendarService.swift in Sources */,
				96893A54167533CF228F34A1 /* ChatView.swift in Sources */,
				19AA7BDF6C8205F32CC99065 /* ChatViewModel.swift in Sources */,
				01F0B902FB6D029D67264D48 /* DeveloperModeView.swift in Sources */,
				E12B7266A0D754032F026DDD /* LibraryView.swift in Sources */,
				D4439ACB75E9A7C91247785F /* LumioApp.swift in Sources */,
				D7C4F48393B73DCD0D3349FF /* MainTabView.swift in Sources */,
				F0742BBF8550C5AA76D9DB56 /* NotificationService.swift in Sources */,
				F42AA6E55E13C1A390DBB316 /* OnboardingContainerView.swift in Sources */,
				02748FC6637A459980811809 /* OnboardingStepView.swift in Sources */,
				AC420AAA13E50A6BC7CCBD1C /* OnboardingViewModel.swift in Sources */,
				0588BC6D02A7C54F9268F755 /* PDFService.swift in Sources */,
				7896BB8BFE165062C8141DE2 /* PaywallView.swift in Sources */,
				0F8A1AFED19705882EAA9C3D /* RootView.swift in Sources */,
				AA849029D816F7A602DA2CC5 /* SettingsView.swift in Sources */,
				4A344B8E2EC520C71C2D70D1 /* SpeechService.swift in Sources */,
				3C4C53337872A841C38107B8 /* SubscriptionManager.swift in Sources */,
				E4F1886B11951808865FC9F3 /* SwiftDataModels.swift in Sources */,
				D073C9F212E527063EC6CEF6 /* ThemeManager.swift in Sources */,
				A8BF8F3D6AEE8D665CF761CE /* TodayView.swift in Sources */,
				F067AB1DFFFADDC50881D449 /* TodayViewModel.swift in Sources */,
			);
			runOnlyForDeploymentPostprocessing = 0;
		};
		F0A7CFE43C12A524633399ED /* Sources */ = {
			isa = PBXSourcesBuildPhase;
			buildActionMask = 2147483647;
			files = (
				745E5ECD423A2463EC35E678 /* LumioUITests.swift in Sources */,
			);
			runOnlyForDeploymentPostprocessing = 0;
		};
/* End PBXSourcesBuildPhase section */

/* Begin PBXTargetDependency section */
		5E5E3939AF6C42CD1CEDE0AA /* PBXTargetDependency */ = {
			isa = PBXTargetDependency;
			target = 8ED5C6987C83F9077B7E2D5C /* Lumio */;
			targetProxy = 7280D6FA9475278FCB715C52 /* PBXContainerItemProxy */;
		};
		A54026C86AE271D54FC98C03 /* PBXTargetDependency */ = {
			isa = PBXTargetDependency;
			target = 8ED5C6987C83F9077B7E2D5C /* Lumio */;
			targetProxy = 78B18922AB82BC0B8C8C78ED /* PBXContainerItemProxy */;
		};
/* End PBXTargetDependency section */

/* Begin PBXVariantGroup section */
		3E52FDCA722E9EC392E4FE94 /* Localizable.strings */ = {
			isa = PBXVariantGroup;
			children = (
				6C31990B400E83E284AD25C4 /* de */,
				F54991DCB350A318338C10BB /* en */,
			);
			name = Localizable.strings;
			sourceTree = "<group>";
		};
/* End PBXVariantGroup section */

/* Begin XCBuildConfiguration section */
		18BD607BA22D15E988BF2B64 /* Debug */ = {
			isa = XCBuildConfiguration;
			buildSettings = {
				ALWAYS_SEARCH_USER_PATHS = NO;
				CLANG_ANALYZER_NONNULL = YES;
				CLANG_ANALYZER_NUMBER_OBJECT_CONVERSION = YES_AGGRESSIVE;
				CLANG_CXX_LANGUAGE_STANDARD = "gnu++14";
				CLANG_CXX_LIBRARY = "libc++";
				CLANG_ENABLE_MODULES = YES;
				CLANG_ENABLE_OBJC_ARC = YES;
				CLANG_ENABLE_OBJC_WEAK = YES;
				CLANG_WARN_BLOCK_CAPTURE_AUTORELEASING = YES;
				CLANG_WARN_BOOL_CONVERSION = YES;
				CLANG_WARN_COMMA = YES;
				CLANG_WARN_CONSTANT_CONVERSION = YES;
				CLANG_WARN_DEPRECATED_OBJC_IMPLEMENTATIONS = YES;
				CLANG_WARN_DIRECT_OBJC_ISA_USAGE = YES_ERROR;
				CLANG_WARN_DOCUMENTATION_COMMENTS = YES;
				CLANG_WARN_EMPTY_BODY = YES;
				CLANG_WARN_ENUM_CONVERSION = YES;
				CLANG_WARN_INFINITE_RECURSION = YES;
				CLANG_WARN_INT_CONVERSION = YES;
				CLANG_WARN_NON_LITERAL_NULL_CONVERSION = YES;
				CLANG_WARN_OBJC_IMPLICIT_RETAIN_SELF = YES;
				CLANG_WARN_OBJC_LITERAL_CONVERSION = YES;
				CLANG_WARN_OBJC_ROOT_CLASS = YES_ERROR;
				CLANG_WARN_QUOTED_INCLUDE_IN_FRAMEWORK_HEADER = YES;
				CLANG_WARN_RANGE_LOOP_ANALYSIS = YES;
				CLANG_WARN_STRICT_PROTOTYPES = YES;
				CLANG_WARN_SUSPICIOUS_MOVE = YES;
				CLANG_WARN_UNGUARDED_AVAILABILITY = YES_AGGRESSIVE;
				CLANG_WARN_UNREACHABLE_CODE = YES;
				CLANG_WARN__DUPLICATE_METHOD_MATCH = YES;
				COPY_PHASE_STRIP = NO;
				DEBUG_INFORMATION_FORMAT = dwarf;
				DEVELOPMENT_TEAM = "";
				ENABLE_PREVIEWS = YES;
				ENABLE_STRICT_OBJC_MSGSEND = YES;
				ENABLE_TESTABILITY = YES;
				GCC_C_LANGUAGE_STANDARD = gnu11;
				GCC_DYNAMIC_NO_PIC = NO;
				GCC_NO_COMMON_BLOCKS = YES;
				GCC_OPTIMIZATION_LEVEL = 0;
				GCC_PREPROCESSOR_DEFINITIONS = (
					"$(inherited)",
					"DEBUG=1",
				);
				GCC_WARN_64_TO_32_BIT_CONVERSION = YES;
				GCC_WARN_ABOUT_RETURN_TYPE = YES_ERROR;
				GCC_WARN_UNDECLARED_SELECTOR = YES;
				GCC_WARN_UNINITIALIZED_AUTOS = YES_AGGRESSIVE;
				GCC_WARN_UNUSED_FUNCTION = YES;
				GCC_WARN_UNUSED_VARIABLE = YES;
				IPHONEOS_DEPLOYMENT_TARGET = 26.0;
				MTL_ENABLE_DEBUG_INFO = INCLUDE_SOURCE;
				MTL_FAST_MATH = YES;
				ONLY_ACTIVE_ARCH = YES;
				PRODUCT_NAME = "$(TARGET_NAME)";
				SDKROOT = iphoneos;
				SWIFT_ACTIVE_COMPILATION_CONDITIONS = DEBUG;
				SWIFT_OPTIMIZATION_LEVEL = "-Onone";
				SWIFT_STRICT_CONCURRENCY = complete;
				SWIFT_VERSION = 6.0;
			};
			name = Debug;
		};
		2D45BA8EEA8EAA3523E5FCF1 /* Release */ = {
			isa = XCBuildConfiguration;
			buildSettings = {
				ASSETCATALOG_COMPILER_APPICON_NAME = AppIcon;
				ASSETCATALOG_COMPILER_GLOBAL_ACCENT_COLOR_NAME = AccentColor;
				CODE_SIGN_ENTITLEMENTS = "Lumio/Supporting Files/Lumio.entitlements";
				CODE_SIGN_IDENTITY = "iPhone Developer";
				ENABLE_HARDENED_RUNTIME = YES;
				INFOPLIST_FILE = "Lumio/Supporting Files/Info.plist";
				IPHONEOS_DEPLOYMENT_TARGET = 26.0;
				LD_RUNPATH_SEARCH_PATHS = (
					"$(inherited)",
					"@executable_path/Frameworks",
				);
				PRODUCT_BUNDLE_IDENTIFIER = com.johannesemmrich.lumio;
				SDKROOT = iphoneos;
				TARGETED_DEVICE_FAMILY = "1,2";
			};
			name = Release;
		};
		4D14B95C02752130B7EAEBFC /* Release */ = {
			isa = XCBuildConfiguration;
			buildSettings = {
				BUNDLE_LOADER = "$(TEST_HOST)";
				IPHONEOS_DEPLOYMENT_TARGET = 26.0;
				LD_RUNPATH_SEARCH_PATHS = (
					"$(inherited)",
					"@executable_path/Frameworks",
					"@loader_path/Frameworks",
				);
				PRODUCT_BUNDLE_IDENTIFIER = com.johannesemmrich.lumio.uitests;
				SDKROOT = iphoneos;
				TARGETED_DEVICE_FAMILY = "1,2";
				TEST_TARGET_NAME = Lumio;
			};
			name = Release;
		};
		510B968C3345F9A48B4933B1 /* Release */ = {
			isa = XCBuildConfiguration;
			buildSettings = {
				ALWAYS_SEARCH_USER_PATHS = NO;
				CLANG_ANALYZER_NONNULL = YES;
				CLANG_ANALYZER_NUMBER_OBJECT_CONVERSION = YES_AGGRESSIVE;
				CLANG_CXX_LANGUAGE_STANDARD = "gnu++14";
				CLANG_CXX_LIBRARY = "libc++";
				CLANG_ENABLE_MODULES = YES;
				CLANG_ENABLE_OBJC_ARC = YES;
				CLANG_ENABLE_OBJC_WEAK = YES;
				CLANG_WARN_BLOCK_CAPTURE_AUTORELEASING = YES;
				CLANG_WARN_BOOL_CONVERSION = YES;
				CLANG_WARN_COMMA = YES;
				CLANG_WARN_CONSTANT_CONVERSION = YES;
				CLANG_WARN_DEPRECATED_OBJC_IMPLEMENTATIONS = YES;
				CLANG_WARN_DIRECT_OBJC_ISA_USAGE = YES_ERROR;
				CLANG_WARN_DOCUMENTATION_COMMENTS = YES;
				CLANG_WARN_EMPTY_BODY = YES;
				CLANG_WARN_ENUM_CONVERSION = YES;
				CLANG_WARN_INFINITE_RECURSION = YES;
				CLANG_WARN_INT_CONVERSION = YES;
				CLANG_WARN_NON_LITERAL_NULL_CONVERSION = YES;
				CLANG_WARN_OBJC_IMPLICIT_RETAIN_SELF = YES;
				CLANG_WARN_OBJC_LITERAL_CONVERSION = YES;
				CLANG_WARN_OBJC_ROOT_CLASS = YES_ERROR;
				CLANG_WARN_QUOTED_INCLUDE_IN_FRAMEWORK_HEADER = YES;
				CLANG_WARN_RANGE_LOOP_ANALYSIS = YES;
				CLANG_WARN_STRICT_PROTOTYPES = YES;
				CLANG_WARN_SUSPICIOUS_MOVE = YES;
				CLANG_WARN_UNGUARDED_AVAILABILITY = YES_AGGRESSIVE;
				CLANG_WARN_UNREACHABLE_CODE = YES;
				CLANG_WARN__DUPLICATE_METHOD_MATCH = YES;
				COPY_PHASE_STRIP = NO;
				DEBUG_INFORMATION_FORMAT = "dwarf-with-dsym";
				DEVELOPMENT_TEAM = "";
				ENABLE_NS_ASSERTIONS = NO;
				ENABLE_PREVIEWS = YES;
				ENABLE_STRICT_OBJC_MSGSEND = YES;
				GCC_C_LANGUAGE_STANDARD = gnu11;
				GCC_NO_COMMON_BLOCKS = YES;
				GCC_WARN_64_TO_32_BIT_CONVERSION = YES;
				GCC_WARN_ABOUT_RETURN_TYPE = YES_ERROR;
				GCC_WARN_UNDECLARED_SELECTOR = YES;
				GCC_WARN_UNINITIALIZED_AUTOS = YES_AGGRESSIVE;
				GCC_WARN_UNUSED_FUNCTION = YES;
				GCC_WARN_UNUSED_VARIABLE = YES;
				IPHONEOS_DEPLOYMENT_TARGET = 26.0;
				MTL_ENABLE_DEBUG_INFO = NO;
				MTL_FAST_MATH = YES;
				PRODUCT_NAME = "$(TARGET_NAME)";
				SDKROOT = iphoneos;
				SWIFT_COMPILATION_MODE = wholemodule;
				SWIFT_OPTIMIZATION_LEVEL = "-O";
				SWIFT_STRICT_CONCURRENCY = complete;
				SWIFT_VERSION = 6.0;
			};
			name = Release;
		};
		86A808EA4CAC6369460023C8 /* Debug */ = {
			isa = XCBuildConfiguration;
			buildSettings = {
				ASSETCATALOG_COMPILER_APPICON_NAME = AppIcon;
				ASSETCATALOG_COMPILER_GLOBAL_ACCENT_COLOR_NAME = AccentColor;
				CODE_SIGN_ENTITLEMENTS = "Lumio/Supporting Files/Lumio.entitlements";
				CODE_SIGN_IDENTITY = "iPhone Developer";
				ENABLE_HARDENED_RUNTIME = YES;
				INFOPLIST_FILE = "Lumio/Supporting Files/Info.plist";
				IPHONEOS_DEPLOYMENT_TARGET = 26.0;
				LD_RUNPATH_SEARCH_PATHS = (
					"$(inherited)",
					"@executable_path/Frameworks",
				);
				PRODUCT_BUNDLE_IDENTIFIER = com.johannesemmrich.lumio;
				SDKROOT = iphoneos;
				TARGETED_DEVICE_FAMILY = "1,2";
			};
			name = Debug;
		};
		96DD988A92AAB889D01A441E /* Release */ = {
			isa = XCBuildConfiguration;
			buildSettings = {
				BUNDLE_LOADER = "$(TEST_HOST)";
				IPHONEOS_DEPLOYMENT_TARGET = 26.0;
				LD_RUNPATH_SEARCH_PATHS = (
					"$(inherited)",
					"@executable_path/Frameworks",
					"@loader_path/Frameworks",
				);
				PRODUCT_BUNDLE_IDENTIFIER = com.johannesemmrich.lumio.tests;
				SDKROOT = iphoneos;
				TARGETED_DEVICE_FAMILY = "1,2";
				TEST_HOST = "$(BUILT_PRODUCTS_DIR)/Lumio.app/Lumio";
			};
			name = Release;
		};
		C25D91603BB583B3689F8011 /* Debug */ = {
			isa = XCBuildConfiguration;
			buildSettings = {
				BUNDLE_LOADER = "$(TEST_HOST)";
				IPHONEOS_DEPLOYMENT_TARGET = 26.0;
				LD_RUNPATH_SEARCH_PATHS = (
					"$(inherited)",
					"@executable_path/Frameworks",
					"@loader_path/Frameworks",
				);
				PRODUCT_BUNDLE_IDENTIFIER = com.johannesemmrich.lumio.tests;
				SDKROOT = iphoneos;
				TARGETED_DEVICE_FAMILY = "1,2";
				TEST_HOST = "$(BUILT_PRODUCTS_DIR)/Lumio.app/Lumio";
			};
			name = Debug;
		};
		F276A9E11E8F7D8504C0E2B5 /* Debug */ = {
			isa = XCBuildConfiguration;
			buildSettings = {
				BUNDLE_LOADER = "$(TEST_HOST)";
				IPHONEOS_DEPLOYMENT_TARGET = 26.0;
				LD_RUNPATH_SEARCH_PATHS = (
					"$(inherited)",
					"@executable_path/Frameworks",
					"@loader_path/Frameworks",
				);
				PRODUCT_BUNDLE_IDENTIFIER = com.johannesemmrich.lumio.uitests;
				SDKROOT = iphoneos;
				TARGETED_DEVICE_FAMILY = "1,2";
				TEST_TARGET_NAME = Lumio;
			};
			name = Debug;
		};
/* End XCBuildConfiguration section */

/* Begin XCConfigurationList section */
		7030E22A2E338CA980D39F7B /* Build configuration list for PBXNativeTarget "LumioUITests" */ = {
			isa = XCConfigurationList;
			buildConfigurations = (
				F276A9E11E8F7D8504C0E2B5 /* Debug */,
				4D14B95C02752130B7EAEBFC /* Release */,
			);
			defaultConfigurationIsVisible = 0;
			defaultConfigurationName = Debug;
		};
		880B21ECF9C82116F866FB07 /* Build configuration list for PBXNativeTarget "LumioTests" */ = {
			isa = XCConfigurationList;
			buildConfigurations = (
				C25D91603BB583B3689F8011 /* Debug */,
				96DD988A92AAB889D01A441E /* Release */,
			);
			defaultConfigurationIsVisible = 0;
			defaultConfigurationName = Debug;
		};
		94142BBBE914D24C154410D9 /* Build configuration list for PBXNativeTarget "Lumio" */ = {
			isa = XCConfigurationList;
			buildConfigurations = (
				86A808EA4CAC6369460023C8 /* Debug */,
				2D45BA8EEA8EAA3523E5FCF1 /* Release */,
			);
			defaultConfigurationIsVisible = 0;
			defaultConfigurationName = Debug;
		};
		AA0FD467BD6B68CC4AA2BB5E /* Build configuration list for PBXProject "Lumio" */ = {
			isa = XCConfigurationList;
			buildConfigurations = (
				18BD607BA22D15E988BF2B64 /* Debug */,
				510B968C3345F9A48B4933B1 /* Release */,
			);
			defaultConfigurationIsVisible = 0;
			defaultConfigurationName = Debug;
		};
/* End XCConfigurationList section */
	};
	rootObject = 88CA312C3F119011E028C087 /* Project object */;
}
